
Microsoft Visual Studio Solution File, Format Version 12.00
# Visual Studio Version 16
VisualStudioVersion = 16.0.31005.135
MinimumVisualStudioVersion = 10.0.40219.1
Project("{9A19103F-16F7-4668-BE54-9A1E7A4F7556}") = "Chapter 6 - Logger", "Chapter 6 - Logger\Chapter 6 - Logger.csproj", "{64E7BF56-1EDF-448A-AC1D-BA56C0FBAE2E}"
EndProject
Project("{9A19103F-16F7-4668-BE54-9A1E7A4F7556}") = "Chapter 7 - Routing", "Chapter 7 - Routing\Chapter 7 - Routing.csproj", "{E41DC7D1-7BD7-48EA-BE48-EFC6B70C007E}"
EndProject
Project("{9A19103F-16F7-4668-BE54-9A1E7A4F7556}") = "Chapter 7 - RoutingV2", "Chapter 7 - RoutingV2\Chapter 7 - RoutingV2.csproj", "{AD67E893-0406-4E12-A4DB-3DCA5404B47F}"
EndProject
Project("{9A19103F-16F7-4668-BE54-9A1E7A4F7556}") = "Chapter 2 - Middleware", "Chapter 2 - Middleware\Chapter 2 - Middleware.csproj", "{C2D8268E-281B-4C76-AC1A-8A82FBF97A2C}"
EndProject
Project("{9A19103F-16F7-4668-BE54-9A1E7A4F7556}") = "Chapter 3 - Services", "Chapter 3 - Services\Chapter 3 - Services.csproj", "{06BB0CE9-496E-4346-8480-56B03FAB4DF5}"
EndProject
Project("{9A19103F-16F7-4668-BE54-9A1E7A4F7556}") = "Chapter 4 - Configuration", "Chapter 4 - Configuration\Chapter 4 - Configuration.csproj", "{46D937C0-3E9E-4A52-99F4-9CF813637E20}"
EndProject
Project("{9A19103F-16F7-4668-BE54-9A1E7A4F7556}") = "Chapter 5 - HttpContext", "Chapter 5 - HttpContext\Chapter 5 - HttpContext.csproj", "{89EC106B-C76A-47CF-9C6D-0FE2DF0E59F5}"
EndProject
Global
	GlobalSection(SolutionConfigurationPlatforms) = preSolution
		Debug|Any CPU = Debug|Any CPU
		Release|Any CPU = Release|Any CPU
	EndGlobalSection
	GlobalSection(ProjectConfigurationPlatforms) = postSolution
		{64E7BF56-1EDF-448A-AC1D-BA56C0FBAE2E}.Debug|Any CPU.ActiveCfg = Debug|Any CPU
		{64E7BF56-1EDF-448A-AC1D-BA56C0FBAE2E}.Debug|Any CPU.Build.0 = Debug|Any CPU
		{64E7BF56-1EDF-448A-AC1D-BA56C0FBAE2E}.Release|Any CPU.ActiveCfg = Release|Any CPU
		{64E7BF56-1EDF-448A-AC1D-BA56C0FBAE2E}.Release|Any CPU.Build.0 = Release|Any CPU
		{E41DC7D1-7BD7-48EA-BE48-EFC6B70C007E}.Debug|Any CPU.ActiveCfg = Debug|Any CPU
		{E41DC7D1-7BD7-48EA-BE48-EFC6B70C007E}.Debug|Any CPU.Build.0 = Debug|Any CPU
		{E41DC7D1-7BD7-48EA-BE48-EFC6B70C007E}.Release|Any CPU.ActiveCfg = Release|Any CPU
		{E41DC7D1-7BD7-48EA-BE48-EFC6B70C007E}.Release|Any CPU.Build.0 = Release|Any CPU
		{AD67E893-0406-4E12-A4DB-3DCA5404B47F}.Debug|Any CPU.ActiveCfg = Debug|Any CPU
		{AD67E893-0406-4E12-A4DB-3DCA5404B47F}.Debug|Any CPU.Build.0 = Debug|Any CPU
		{AD67E893-0406-4E12-A4DB-3DCA5404B47F}.Release|Any CPU.ActiveCfg = Release|Any CPU
		{AD67E893-0406-4E12-A4DB-3DCA5404B47F}.Release|Any CPU.Build.0 = Release|Any CPU
		{C2D8268E-281B-4C76-AC1A-8A82FBF97A2C}.Debug|Any CPU.ActiveCfg = Debug|Any CPU
		{C2D8268E-281B-4C76-AC1A-8A82FBF97A2C}.Debug|Any CPU.Build.0 = Debug|Any CPU
		{C2D8268E-281B-4C76-AC1A-8A82FBF97A2C}.Release|Any CPU.ActiveCfg = Release|Any CPU
		{C2D8268E-281B-4C76-AC1A-8A82FBF97A2C}.Release|Any CPU.Build.0 = Release|Any CPU
		{06BB0CE9-496E-4346-8480-56B03FAB4DF5}.Debug|Any CPU.ActiveCfg = Debug|Any CPU
		{06BB0CE9-496E-4346-8480-56B03FAB4DF5}.Debug|Any CPU.Build.0 = Debug|Any CPU
		{06BB0CE9-496E-4346-8480-56B03FAB4DF5}.Release|Any CPU.ActiveCfg = Release|Any CPU
		{06BB0CE9-496E-4346-8480-56B03FAB4DF5}.Release|Any CPU.Build.0 = Release|Any CPU
		{46D937C0-3E9E-4A52-99F4-9CF813637E20}.Debug|Any CPU.ActiveCfg = Debug|Any CPU
		{46D937C0-3E9E-4A52-99F4-9CF813637E20}.Debug|Any CPU.Build.0 = Debug|Any CPU
		{46D937C0-3E9E-4A52-99F4-9CF813637E20}.Release|Any CPU.ActiveCfg = Release|Any CPU
		{46D937C0-3E9E-4A52-99F4-9CF813637E20}.Release|Any CPU.Build.0 = Release|Any CPU
		{89EC106B-C76A-47CF-9C6D-0FE2DF0E59F5}.Debug|Any CPU.ActiveCfg = Debug|Any CPU
		{89EC106B-C76A-47CF-9C6D-0FE2DF0E59F5}.Debug|Any CPU.Build.0 = Debug|Any CPU
		{89EC106B-C76A-47CF-9C6D-0FE2DF0E59F5}.Release|Any CPU.ActiveCfg = Release|Any CPU
		{89EC106B-C76A-47CF-9C6D-0FE2DF0E59F5}.Release|Any CPU.Build.0 = Release|Any CPU
	EndGlobalSection
	GlobalSection(SolutionProperties) = preSolution
		HideSolutionNode = FALSE
	EndGlobalSection
	GlobalSection(ExtensibilityGlobals) = postSolution
		SolutionGuid = {F6BE0536-AADF-4ABB-A3B1-0C2661646ED8}
	EndGlobalSection
EndGlobal
